
Microsoft Visual Studio Solution File, Format Version 12.00
# Visual Studio Version 17
VisualStudioVersion = 17.5.33516.290
MinimumVisualStudioVersion = 10.0.40219.1
Project("{FAE04EC0-301F-11D3-BF4B-00C04F79EFBC}") = "LabTracker", "LabTracker\LabTracker.csproj", "{B941332D-1673-4898-AD2A-812EC85A5471}"
EndProject
Global
	GlobalSection(SolutionConfigurationPlatforms) = preSolution
		Debug|Any CPU = Debug|Any CPU
		Release|Any CPU = Release|Any CPU
	EndGlobalSection
	GlobalSection(ProjectConfigurationPlatforms) = postSolution
		{B941332D-1673-4898-AD2A-812EC85A5471}.Debug|Any CPU.ActiveCfg = Debug|Any CPU
		{B941332D-1673-4898-AD2A-812EC85A5471}.Debug|Any CPU.Build.0 = Debug|Any CPU
		{B941332D-1673-4898-AD2A-812EC85A5471}.Release|Any CPU.ActiveCfg = Release|Any CPU
		{B941332D-1673-4898-AD2A-812EC85A5471}.Release|Any CPU.Build.0 = Release|Any CPU
	EndGlobalSection
	GlobalSection(SolutionProperties) = preSolution
		HideSolutionNode = FALSE
	EndGlobalSection
	GlobalSection(ExtensibilityGlobals) = postSolution
		SolutionGuid = {784AA8FD-FDAA-4EDA-BF57-9B5E64FF8E25}
	EndGlobalSection
EndGlobal
